{
  "name": "clothingd",
  "version": "1.0.0",
  "lockfileVersion": 1,
  "requires": true,
  "dependencies": {
    "apifm-wxapi": {
      "version": "23.11.3",
      "resolved": "https://registry.npmjs.org/apifm-wxapi/-/apifm-wxapi-23.11.3.tgz",
      "integrity": "sha512-3Aj1wpAYBR2ooS9oKnz6TewWZYgvzhkZliJCCyPkCSHOS+gg43f3f7e3bgi/O+PYsd8Hko/70+64JSPUMi1TUw=="
    }
  }
}
